// !$*UTF8*$!
{
	archiveVersion = 1;
	classes = {
	};
	objectVersion = 46;
	objects = {

/* Begin PBXBuildFile section */
		7411E9001D5D902100AD4A7C /* AppDelegate.swift in Sources */ = {isa = PBXBuildFile; fileRef = 7411E8FF1D5D902100AD4A7C /* AppDelegate.swift */; };
		7411E9021D5D902100AD4A7C /* ViewController.swift in Sources */ = {isa = PBXBuildFile; fileRef = 7411E9011D5D902100AD4A7C /* ViewController.swift */; };
		7411E9051D5D902100AD4A7C /* Main.storyboard in Resources */ = {isa = PBXBuildFile; fileRef = 7411E9031D5D902100AD4A7C /* Main.storyboard */; };
		7411E9071D5D902100AD4A7C /* Assets.xcassets in Resources */ = {isa = PBXBuildFile; fileRef = 7411E9061D5D902100AD4A7C /* Assets.xcassets */; };
		7411E90A1D5D902100AD4A7C /* LaunchScreen.storyboard in Resources */ = {isa = PBXBuildFile; fileRef = 7411E9081D5D902100AD4A7C /* LaunchScreen.storyboard */; };
		7411E9151D5D902100AD4A7C /* interactive_storyTests.swift in Sources */ = {isa = PBXBuildFile; fileRef = 7411E9141D5D902100AD4A7C /* interactive_storyTests.swift */; };
		7411E9201D5D902100AD4A7C /* interactive_storyUITests.swift in Sources */ = {isa = PBXBuildFile; fileRef = 7411E91F1D5D902100AD4A7C /* interactive_storyUITests.swift */; };
		7411E92E1D5DA2A800AD4A7C /* InteractiveStory.swift in Sources */ = {isa = PBXBuildFile; fileRef = 7411E92D1D5DA2A800AD4A7C /* InteractiveStory.swift */; };
/* End PBXBuildFile section */

/* Begin PBXContainerItemProxy section */
		7411E9111D5D902100AD4A7C /* PBXContainerItemProxy */ = {
			isa = PBXContainerItemProxy;
			containerPortal = 7411E8F41D5D902000AD4A7C /* Project object */;
			proxyType = 1;
			remoteGlobalIDString = 7411E8FB1D5D902000AD4A7C;
			remoteInfo = interactive_story;
		};
		7411E91C1D5D902100AD4A7C /* PBXContainerItemProxy */ = {
			isa = PBXContainerItemProxy;
			containerPortal = 7411E8F41D5D902000AD4A7C /* Project object */;
			proxyType = 1;
			remoteGlobalIDString = 7411E8FB1D5D902000AD4A7C;
			remoteInfo = interactive_story;
		};
/* End PBXContainerItemProxy section */

/* Begin PBXFileReference section */
		7411E8FC1D5D902000AD4A7C /* interactive_story.app */ = {isa = PBXFileReference; explicitFileType = wrapper.application; includeInIndex = 0; path = interactive_story.app; sourceTree = BUILT_PRODUCTS_DIR; };
		7411E8FF1D5D902100AD4A7C /* AppDelegate.swift */ = {isa = PBXFileReference; lastKnownFileType = sourcecode.swift; path = AppDelegate.swift; sourceTree = "<group>"; };
		7411E9011D5D902100AD4A7C /* ViewController.swift */ = {isa = PBXFileReference; lastKnownFileType = sourcecode.swift; path = ViewController.swift; sourceTree = "<group>"; };
		7411E9041D5D902100AD4A7C /* Base */ = {isa = PBXFileReference; lastKnownFileType = file.storyboard; name = Base; path = Base.lproj/Main.storyboard; sourceTree = "<group>"; };
		7411E9061D5D902100AD4A7C /* Assets.xcassets */ = {isa = PBXFileReference; lastKnownFileType = folder.assetcatalog; path = Assets.xcassets; sourceTree = "<group>"; };
		7411E9091D5D902100AD4A7C /* Base */ = {isa = PBXFileReference; lastKnownFileType = file.storyboard; name = Base; path = Base.lproj/LaunchScreen.storyboard; sourceTree = "<group>"; };
		7411E90B1D5D902100AD4A7C /* Info.plist */ = {isa = PBXFileReference; lastKnownFileType = text.plist.xml; path = Info.plist; sourceTree = "<group>"; };
		7411E9101D5D902100AD4A7C /* interactive_storyTests.xctest */ = {isa = PBXFileReference; explicitFileType = wrapper.cfbundle; includeInIndex = 0; path = interactive_storyTests.xctest; sourceTree = BUILT_PRODUCTS_DIR; };
		7411E9141D5D902100AD4A7C /* interactive_storyTests.swift */ = {isa = PBXFileReference; lastKnownFileType = sourcecode.swift; path = interactive_storyTests.swift; sourceTree = "<group>"; };
		7411E9161D5D902100AD4A7C /* Info.plist */ = {isa = PBXFileReference; lastKnownFileType = text.plist.xml; path = Info.plist; sourceTree = "<group>"; };
		7411E91B1D5D902100AD4A7C /* interactive_storyUITests.xctest */ = {isa = PBXFileReference; explicitFileType = wrapper.cfbundle; includeInIndex = 0; path = interactive_storyUITests.xctest; sourceTree = BUILT_PRODUCTS_DIR; };
		7411E91F1D5D902100AD4A7C /* interactive_storyUITests.swift */ = {isa = PBXFileReference; lastKnownFileType = sourcecode.swift; path = interactive_storyUITests.swift; sourceTree = "<group>"; };
		7411E9211D5D902100AD4A7C /* Info.plist */ = {isa = PBXFileReference; lastKnownFileType = text.plist.xml; path = Info.plist; sourceTree = "<group>"; };
		7411E92D1D5DA2A800AD4A7C /* InteractiveStory.swift */ = {isa = PBXFileReference; fileEncoding = 4; lastKnownFileType = sourcecode.swift; path = InteractiveStory.swift; sourceTree = "<group>"; };
/* End PBXFileReference section */

/* Begin PBXFrameworksBuildPhase section */
		7411E8F91D5D902000AD4A7C /* Frameworks */ = {
			isa = PBXFrameworksBuildPhase;
			buildActionMask = 2147483647;
			files = (
			);
			runOnlyForDeploymentPostprocessing = 0;
		};
		7411E90D1D5D902100AD4A7C /* Frameworks */ = {
			isa = PBXFrameworksBuildPhase;
			buildActionMask = 2147483647;
			files = (
			);
			runOnlyForDeploymentPostprocessing = 0;
		};
		7411E9181D5D902100AD4A7C /* Frameworks */ = {
			isa = PBXFrameworksBuildPhase;
			buildActionMask = 2147483647;
			files = (
			);
			runOnlyForDeploymentPostprocessing = 0;
		};
/* End PBXFrameworksBuildPhase section */

/* Begin PBXGroup section */
		7411E8F31D5D902000AD4A7C = {
			isa = PBXGroup;
			children = (
				7411E8FE1D5D902000AD4A7C /* interactive_story */,
				7411E9131D5D902100AD4A7C /* interactive_storyTests */,
				7411E91E1D5D902100AD4A7C /* interactive_storyUITests */,
				7411E8FD1D5D902000AD4A7C /* Products */,
			);
			sourceTree = "<group>";
		};
		7411E8FD1D5D902000AD4A7C /* Products */ = {
			isa = PBXGroup;
			children = (
				7411E8FC1D5D902000AD4A7C /* interactive_story.app */,
				7411E9101D5D902100AD4A7C /* interactive_storyTests.xctest */,
				7411E91B1D5D902100AD4A7C /* interactive_storyUITests.xctest */,
			);
			name = Products;
			sourceTree = "<group>";
		};
		7411E8FE1D5D902000AD4A7C /* interactive_story */ = {
			isa = PBXGroup;
			children = (
				7411E9301D5DAF9F00AD4A7C /* controllers */,
				7411E92F1D5DAF9200AD4A7C /* models */,
				7411E8FF1D5D902100AD4A7C /* AppDelegate.swift */,
				7411E9031D5D902100AD4A7C /* Main.storyboard */,
				7411E9061D5D902100AD4A7C /* Assets.xcassets */,
				7411E9081D5D902100AD4A7C /* LaunchScreen.storyboard */,
				7411E90B1D5D902100AD4A7C /* Info.plist */,
			);
			path = interactive_story;
			sourceTree = "<group>";
		};
		7411E9131D5D902100AD4A7C /* interactive_storyTests */ = {
			isa = PBXGroup;
			children = (
				7411E9141D5D902100AD4A7C /* interactive_storyTests.swift */,
				7411E9161D5D902100AD4A7C /* Info.plist */,
			);
			path = interactive_storyTests;
			sourceTree = "<group>";
		};
		7411E91E1D5D902100AD4A7C /* interactive_storyUITests */ = {
			isa = PBXGroup;
			children = (
				7411E91F1D5D902100AD4A7C /* interactive_storyUITests.swift */,
				7411E9211D5D902100AD4A7C /* Info.plist */,
			);
			path = interactive_storyUITests;
			sourceTree = "<group>";
		};
		7411E92F1D5DAF9200AD4A7C /* models */ = {
			isa = PBXGroup;
			children = (
				7411E92D1D5DA2A800AD4A7C /* InteractiveStory.swift */,
			);
			name = models;
			sourceTree = "<group>";
		};
		7411E9301D5DAF9F00AD4A7C /* controllers */ = {
			isa = PBXGroup;
			children = (
				7411E9011D5D902100AD4A7C /* ViewController.swift */,
			);
			name = controllers;
			sourceTree = "<group>";
		};
/* End PBXGroup section */

/* Begin PBXNativeTarget section */
		7411E8FB1D5D902000AD4A7C /* interactive_story */ = {
			isa = PBXNativeTarget;
			buildConfigurationList = 7411E9241D5D902100AD4A7C /* Build configuration list for PBXNativeTarget "interactive_story" */;
			buildPhases = (
				7411E8F81D5D902000AD4A7C /* Sources */,
				7411E8F91D5D902000AD4A7C /* Frameworks */,
				7411E8FA1D5D902000AD4A7C /* Resources */,
			);
			buildRules = (
			);
			dependencies = (
			);
			name = interactive_story;
			productName = interactive_story;
			productReference = 7411E8FC1D5D902000AD4A7C /* interactive_story.app */;
			productType = "com.apple.product-type.application";
		};
		7411E90F1D5D902100AD4A7C /* interactive_storyTests */ = {
			isa = PBXNativeTarget;
			buildConfigurationList = 7411E9271D5D902100AD4A7C /* Build configuration list for PBXNativeTarget "interactive_storyTests" */;
			buildPhases = (
				7411E90C1D5D902100AD4A7C /* Sources */,
				7411E90D1D5D902100AD4A7C /* Frameworks */,
				7411E90E1D5D902100AD4A7C /* Resources */,
			);
			buildRules = (
			);
			dependencies = (
				7411E9121D5D902100AD4A7C /* PBXTargetDependency */,
			);
			name = interactive_storyTests;
			productName = interactive_storyTests;
			productReference = 7411E9101D5D902100AD4A7C /* interactive_storyTests.xctest */;
			productType = "com.apple.product-type.bundle.unit-test";
		};
		7411E91A1D5D902100AD4A7C /* interactive_storyUITests */ = {
			isa = PBXNativeTarget;
			buildConfigurationList = 7411E92A1D5D902100AD4A7C /* Build configuration list for PBXNativeTarget "interactive_storyUITests" */;
			buildPhases = (
				7411E9171D5D902100AD4A7C /* Sources */,
				7411E9181D5D902100AD4A7C /* Frameworks */,
				7411E9191D5D902100AD4A7C /* Resources */,
			);
			buildRules = (
			);
			dependencies = (
				7411E91D1D5D902100AD4A7C /* PBXTargetDependency */,
			);
			name = interactive_storyUITests;
			productName = interactive_storyUITests;
			productReference = 7411E91B1D5D902100AD4A7C /* interactive_storyUITests.xctest */;
			productType = "com.apple.product-type.bundle.ui-testing";
		};
/* End PBXNativeTarget section */

/* Begin PBXProject section */
		7411E8F41D5D902000AD4A7C /* Project object */ = {
			isa = PBXProject;
			attributes = {
				LastSwiftUpdateCheck = 0730;
				LastUpgradeCheck = 0730;
				ORGANIZATIONNAME = paulthegeek;
				TargetAttributes = {
					7411E8FB1D5D902000AD4A7C = {
						CreatedOnToolsVersion = 7.3.1;
					};
					7411E90F1D5D902100AD4A7C = {
						CreatedOnToolsVersion = 7.3.1;
						TestTargetID = 7411E8FB1D5D902000AD4A7C;
					};
					7411E91A1D5D902100AD4A7C = {
						CreatedOnToolsVersion = 7.3.1;
						TestTargetID = 7411E8FB1D5D902000AD4A7C;
					};
				};
			};
			buildConfigurationList = 7411E8F71D5D902000AD4A7C /* Build configuration list for PBXProject "interactive_story" */;
			compatibilityVersion = "Xcode 3.2";
			developmentRegion = English;
			hasScannedForEncodings = 0;
			knownRegions = (
				en,
				Base,
			);
			mainGroup = 7411E8F31D5D902000AD4A7C;
			productRefGroup = 7411E8FD1D5D902000AD4A7C /* Products */;
			projectDirPath = "";
			projectRoot = "";
			targets = (
				7411E8FB1D5D902000AD4A7C /* interactive_story */,
				7411E90F1D5D902100AD4A7C /* interactive_storyTests */,
				7411E91A1D5D902100AD4A7C /* interactive_storyUITests */,
			);
		};
/* End PBXProject section */

/* Begin PBXResourcesBuildPhase section */
		7411E8FA1D5D902000AD4A7C /* Resources */ = {
			isa = PBXResourcesBuildPhase;
			buildActionMask = 2147483647;
			files = (
				7411E90A1D5D902100AD4A7C /* LaunchScreen.storyboard in Resources */,
				7411E9071D5D902100AD4A7C /* Assets.xcassets in Resources */,
				7411E9051D5D902100AD4A7C /* Main.storyboard in Resources */,
			);
			runOnlyForDeploymentPostprocessing = 0;
		};
		7411E90E1D5D902100AD4A7C /* Resources */ = {
			isa = PBXResourcesBuildPhase;
			buildActionMask = 2147483647;
			files = (
			);
			runOnlyForDeploymentPostprocessing = 0;
		};
		7411E9191D5D902100AD4A7C /* Resources */ = {
			isa = PBXResourcesBuildPhase;
			buildActionMask = 2147483647;
			files = (
			);
			runOnlyForDeploymentPostprocessing = 0;
		};
/* End PBXResourcesBuildPhase section */

/* Begin PBXSourcesBuildPhase section */
		7411E8F81D5D902000AD4A7C /* Sources */ = {
			isa = PBXSourcesBuildPhase;
			buildActionMask = 2147483647;
			files = (
				7411E92E1D5DA2A800AD4A7C /* InteractiveStory.swift in Sources */,
				7411E9021D5D902100AD4A7C /* ViewController.swift in Sources */,
				7411E9001D5D902100AD4A7C /* AppDelegate.swift in Sources */,
			);
			runOnlyForDeploymentPostprocessing = 0;
		};
		7411E90C1D5D902100AD4A7C /* Sources */ = {
			isa = PBXSourcesBuildPhase;
			buildActionMask = 2147483647;
			files = (
				7411E9151D5D902100AD4A7C /* interactive_storyTests.swift in Sources */,
			);
			runOnlyForDeploymentPostprocessing = 0;
		};
		7411E9171D5D902100AD4A7C /* Sources */ = {
			isa = PBXSourcesBuildPhase;
			buildActionMask = 2147483647;
			files = (
				7411E9201D5D902100AD4A7C /* interactive_storyUITests.swift in Sources */,
			);
			runOnlyForDeploymentPostprocessing = 0;
		};
/* End PBXSourcesBuildPhase section */

/* Begin PBXTargetDependency section */
		7411E9121D5D902100AD4A7C /* PBXTargetDependency */ = {
			isa = PBXTargetDependency;
			target = 7411E8FB1D5D902000AD4A7C /* interactive_story */;
			targetProxy = 7411E9111D5D902100AD4A7C /* PBXContainerItemProxy */;
		};
		7411E91D1D5D902100AD4A7C /* PBXTargetDependency */ = {
			isa = PBXTargetDependency;
			target = 7411E8FB1D5D902000AD4A7C /* interactive_story */;
			targetProxy = 7411E91C1D5D902100AD4A7C /* PBXContainerItemProxy */;
		};
/* End PBXTargetDependency section */

/* Begin PBXVariantGroup section */
		7411E9031D5D902100AD4A7C /* Main.storyboard */ = {
			isa = PBXVariantGroup;
			children = (
				7411E9041D5D902100AD4A7C /* Base */,
			);
			name = Main.storyboard;
			sourceTree = "<group>";
		};
		7411E9081D5D902100AD4A7C /* LaunchScreen.storyboard */ = {
			isa = PBXVariantGroup;
			children = (
				7411E9091D5D902100AD4A7C /* Base */,
			);
			name = LaunchScreen.storyboard;
			sourceTree = "<group>";
		};
/* End PBXVariantGroup section */

/* Begin XCBuildConfiguration section */
		7411E9221D5D902100AD4A7C /* Debug */ = {
			isa = XCBuildConfiguration;
			buildSettings = {
				ALWAYS_SEARCH_USER_PATHS = NO;
				CLANG_ANALYZER_NONNULL = YES;
				CLANG_CXX_LANGUAGE_STANDARD = "gnu++0x";
				CLANG_CXX_LIBRARY = "libc++";
				CLANG_ENABLE_MODULES = YES;
				CLANG_ENABLE_OBJC_ARC = YES;
				CLANG_WARN_BOOL_CONVERSION = YES;
				CLANG_WARN_CONSTANT_CONVERSION = YES;
				CLANG_WARN_DIRECT_OBJC_ISA_USAGE = YES_ERROR;
				CLANG_WARN_EMPTY_BODY = YES;
				CLANG_WARN_ENUM_CONVERSION = YES;
				CLANG_WARN_INT_CONVERSION = YES;
				CLANG_WARN_OBJC_ROOT_CLASS = YES_ERROR;
				CLANG_WARN_UNREACHABLE_CODE = YES;
				CLANG_WARN__DUPLICATE_METHOD_MATCH = YES;
				"CODE_SIGN_IDENTITY[sdk=iphoneos*]" = "iPhone Developer";
				COPY_PHASE_STRIP = NO;
				DEBUG_INFORMATION_FORMAT = dwarf;
				ENABLE_STRICT_OBJC_MSGSEND = YES;
				ENABLE_TESTABILITY = YES;
				GCC_C_LANGUAGE_STANDARD = gnu99;
				GCC_DYNAMIC_NO_PIC = NO;
				GCC_NO_COMMON_BLOCKS = YES;
				GCC_OPTIMIZATION_LEVEL = 0;
				GCC_PREPROCESSOR_DEFINITIONS = (
					"DEBUG=1",
					"$(inherited)",
				);
				GCC_WARN_64_TO_32_BIT_CONVERSION = YES;
				GCC_WARN_ABOUT_RETURN_TYPE = YES_ERROR;
				GCC_WARN_UNDECLARED_SELECTOR = YES;
				GCC_WARN_UNINITIALIZED_AUTOS = YES_AGGRESSIVE;
				GCC_WARN_UNUSED_FUNCTION = YES;
				GCC_WARN_UNUSED_VARIABLE = YES;
				IPHONEOS_DEPLOYMENT_TARGET = 9.3;
				MTL_ENABLE_DEBUG_INFO = YES;
				ONLY_ACTIVE_ARCH = YES;
				SDKROOT = iphoneos;
				SWIFT_OPTIMIZATION_LEVEL = "-Onone";
			};
			name = Debug;
		};
		7411E9231D5D902100AD4A7C /* Release */ = {
			isa = XCBuildConfiguration;
			buildSettings = {
				ALWAYS_SEARCH_USER_PATHS = NO;
				CLANG_ANALYZER_NONNULL = YES;
				CLANG_CXX_LANGUAGE_STANDARD = "gnu++0x";
				CLANG_CXX_LIBRARY = "libc++";
				CLANG_ENABLE_MODULES = YES;
				CLANG_ENABLE_OBJC_ARC = YES;
				CLANG_WARN_BOOL_CONVERSION = YES;
				CLANG_WARN_CONSTANT_CONVERSION = YES;
				CLANG_WARN_DIRECT_OBJC_ISA_USAGE = YES_ERROR;
				CLANG_WARN_EMPTY_BODY = YES;
				CLANG_WARN_ENUM_CONVERSION = YES;
				CLANG_WARN_INT_CONVERSION = YES;
				CLANG_WARN_OBJC_ROOT_CLASS = YES_ERROR;
				CLANG_WARN_UNREACHABLE_CODE = YES;
				CLANG_WARN__DUPLICATE_METHOD_MATCH = YES;
				"CODE_SIGN_IDENTITY[sdk=iphoneos*]" = "iPhone Developer";
				COPY_PHASE_STRIP = NO;
				DEBUG_INFORMATION_FORMAT = "dwarf-with-dsym";
				ENABLE_NS_ASSERTIONS = NO;
				ENABLE_STRICT_OBJC_MSGSEND = YES;
				GCC_C_LANGUAGE_STANDARD = gnu99;
				GCC_NO_COMMON_BLOCKS = YES;
				GCC_WARN_64_TO_32_BIT_CONVERSION = YES;
				GCC_WARN_ABOUT_RETURN_TYPE = YES_ERROR;
				GCC_WARN_UNDECLARED_SELECTOR = YES;
				GCC_WARN_UNINITIALIZED_AUTOS = YES_AGGRESSIVE;
				GCC_WARN_UNUSED_FUNCTION = YES;
				GCC_WARN_UNUSED_VARIABLE = YES;
				IPHONEOS_DEPLOYMENT_TARGET = 9.3;
				MTL_ENABLE_DEBUG_INFO = NO;
				SDKROOT = iphoneos;
				VALIDATE_PRODUCT = YES;
			};
			name = Release;
		};
		7411E9251D5D902100AD4A7C /* Debug */ = {
			isa = XCBuildConfiguration;
			buildSettings = {
				ASSETCATALOG_COMPILER_APPICON_NAME = AppIcon;
				INFOPLIST_FILE = interactive_story/Info.plist;
				LD_RUNPATH_SEARCH_PATHS = "$(inherited) @executable_path/Frameworks";
				PRODUCT_BUNDLE_IDENTIFIER = "com.paulthegeek.interactive-story";
				PRODUCT_NAME = "$(TARGET_NAME)";
			};
			name = Debug;
		};
		7411E9261D5D902100AD4A7C /* Release */ = {
			isa = XCBuildConfiguration;
			buildSettings = {
				ASSETCATALOG_COMPILER_APPICON_NAME = AppIcon;
				INFOPLIST_FILE = interactive_story/Info.plist;
				LD_RUNPATH_SEARCH_PATHS = "$(inherited) @executable_path/Frameworks";
				PRODUCT_BUNDLE_IDENTIFIER = "com.paulthegeek.interactive-story";
				PRODUCT_NAME = "$(TARGET_NAME)";
			};
			name = Release;
		};
		7411E9281D5D902100AD4A7C /* Debug */ = {
			isa = XCBuildConfiguration;
			buildSettings = {
				BUNDLE_LOADER = "$(TEST_HOST)";
				INFOPLIST_FILE = interactive_storyTests/Info.plist;
				LD_RUNPATH_SEARCH_PATHS = "$(inherited) @executable_path/Frameworks @loader_path/Frameworks";
				PRODUCT_BUNDLE_IDENTIFIER = "com.paulthegeek.interactive-storyTests";
				PRODUCT_NAME = "$(TARGET_NAME)";
				TEST_HOST = "$(BUILT_PRODUCTS_DIR)/interactive_story.app/interactive_story";
			};
			name = Debug;
		};
		7411E9291D5D902100AD4A7C /* Release */ = {
			isa = XCBuildConfiguration;
			buildSettings = {
				BUNDLE_LOADER = "$(TEST_HOST)";
				INFOPLIST_FILE = interactive_storyTests/Info.plist;
				LD_RUNPATH_SEARCH_PATHS = "$(inherited) @executable_path/Frameworks @loader_path/Frameworks";
				PRODUCT_BUNDLE_IDENTIFIER = "com.paulthegeek.interactive-storyTests";
				PRODUCT_NAME = "$(TARGET_NAME)";
				TEST_HOST = "$(BUILT_PRODUCTS_DIR)/interactive_story.app/interactive_story";
			};
			name = Release;
		};
		7411E92B1D5D902100AD4A7C /* Debug */ = {
			isa = XCBuildConfiguration;
			buildSettings = {
				INFOPLIST_FILE = interactive_storyUITests/Info.plist;
				LD_RUNPATH_SEARCH_PATHS = "$(inherited) @executable_path/Frameworks @loader_path/Frameworks";
				PRODUCT_BUNDLE_IDENTIFIER = "com.paulthegeek.interactive-storyUITests";
				PRODUCT_NAME = "$(TARGET_NAME)";
				TEST_TARGET_NAME = interactive_story;
			};
			name = Debug;
		};
		7411E92C1D5D902100AD4A7C /* Release */ = {
			isa = XCBuildConfiguration;
			buildSettings = {
				INFOPLIST_FILE = interactive_storyUITests/Info.plist;
				LD_RUNPATH_SEARCH_PATHS = "$(inherited) @executable_path/Frameworks @loader_path/Frameworks";
				PRODUCT_BUNDLE_IDENTIFIER = "com.paulthegeek.interactive-storyUITests";
				PRODUCT_NAME = "$(TARGET_NAME)";
				TEST_TARGET_NAME = interactive_story;
			};
			name = Release;
		};
/* End XCBuildConfiguration section */

/* Begin XCConfigurationList section */
		7411E8F71D5D902000AD4A7C /* Build configuration list for PBXProject "interactive_story" */ = {
			isa = XCConfigurationList;
			buildConfigurations = (
				7411E9221D5D902100AD4A7C /* Debug */,
				7411E9231D5D902100AD4A7C /* Release */,
			);
			defaultConfigurationIsVisible = 0;
			defaultConfigurationName = Release;
		};
		7411E9241D5D902100AD4A7C /* Build configuration list for PBXNativeTarget "interactive_story" */ = {
			isa = XCConfigurationList;
			buildConfigurations = (
				7411E9251D5D902100AD4A7C /* Debug */,
				7411E9261D5D902100AD4A7C /* Release */,
			);
			defaultConfigurationIsVisible = 0;
		};
		7411E9271D5D902100AD4A7C /* Build configuration list for PBXNativeTarget "interactive_storyTests" */ = {
			isa = XCConfigurationList;
			buildConfigurations = (
				7411E9281D5D902100AD4A7C /* Debug */,
				7411E9291D5D902100AD4A7C /* Release */,
			);
			defaultConfigurationIsVisible = 0;
		};
		7411E92A1D5D902100AD4A7C /* Build configuration list for PBXNativeTarget "interactive_storyUITests" */ = {
			isa = XCConfigurationList;
			buildConfigurations = (
				7411E92B1D5D902100AD4A7C /* Debug */,
				7411E92C1D5D902100AD4A7C /* Release */,
			);
			defaultConfigurationIsVisible = 0;
		};
/* End XCConfigurationList section */
	};
	rootObject = 7411E8F41D5D902000AD4A7C /* Project object */;
}
